
Microsoft Visual Studio Solution File, Format Version 12.00
Project("{FAE04EC0-301F-11D3-BF4B-00C04F79EFBC}") = "Observer", "Observer\Observer.csproj", "{0E9C4D46-194E-4D22-BAA1-740DDF41B384}"
EndProject
Project("{FAE04EC0-301F-11D3-BF4B-00C04F79EFBC}") = "Decorator", "Decorator\Decorator.csproj", "{EFE1E4CA-936C-4068-8EFB-DE8120802DD8}"
EndProject
Project("{FAE04EC0-301F-11D3-BF4B-00C04F79EFBC}") = "FactoryMethod", "FactoryMethod\FactoryMethod.csproj", "{58184B5A-6200-4E8E-8D89-B1A262125A17}"
EndProject
Project("{FAE04EC0-301F-11D3-BF4B-00C04F79EFBC}") = "AbstractFactory", "AbstractFactory\AbstractFactory.csproj", "{ACBD7386-4846-4381-A061-C9978BF13094}"
EndProject
Global
	GlobalSection(SolutionConfigurationPlatforms) = preSolution
		Debug|Any CPU = Debug|Any CPU
		Release|Any CPU = Release|Any CPU
	EndGlobalSection
	GlobalSection(ProjectConfigurationPlatforms) = postSolution
		{0E9C4D46-194E-4D22-BAA1-740DDF41B384}.Debug|Any CPU.ActiveCfg = Debug|Any CPU
		{0E9C4D46-194E-4D22-BAA1-740DDF41B384}.Debug|Any CPU.Build.0 = Debug|Any CPU
		{0E9C4D46-194E-4D22-BAA1-740DDF41B384}.Release|Any CPU.ActiveCfg = Release|Any CPU
		{0E9C4D46-194E-4D22-BAA1-740DDF41B384}.Release|Any CPU.Build.0 = Release|Any CPU
		{EFE1E4CA-936C-4068-8EFB-DE8120802DD8}.Debug|Any CPU.ActiveCfg = Debug|Any CPU
		{EFE1E4CA-936C-4068-8EFB-DE8120802DD8}.Debug|Any CPU.Build.0 = Debug|Any CPU
		{EFE1E4CA-936C-4068-8EFB-DE8120802DD8}.Release|Any CPU.ActiveCfg = Release|Any CPU
		{EFE1E4CA-936C-4068-8EFB-DE8120802DD8}.Release|Any CPU.Build.0 = Release|Any CPU
		{58184B5A-6200-4E8E-8D89-B1A262125A17}.Debug|Any CPU.ActiveCfg = Debug|Any CPU
		{58184B5A-6200-4E8E-8D89-B1A262125A17}.Debug|Any CPU.Build.0 = Debug|Any CPU
		{58184B5A-6200-4E8E-8D89-B1A262125A17}.Release|Any CPU.ActiveCfg = Release|Any CPU
		{58184B5A-6200-4E8E-8D89-B1A262125A17}.Release|Any CPU.Build.0 = Release|Any CPU
		{ACBD7386-4846-4381-A061-C9978BF13094}.Debug|Any CPU.ActiveCfg = Debug|Any CPU
		{ACBD7386-4846-4381-A061-C9978BF13094}.Debug|Any CPU.Build.0 = Debug|Any CPU
		{ACBD7386-4846-4381-A061-C9978BF13094}.Release|Any CPU.ActiveCfg = Release|Any CPU
		{ACBD7386-4846-4381-A061-C9978BF13094}.Release|Any CPU.Build.0 = Release|Any CPU
	EndGlobalSection
EndGlobal
